{
    "_meta": {
        "hash": {
            "sha256": "959395e5cae02370c4b3e1cabe5bf85ca6a8d8ed178132537648578bd4b4199b"
        },
        "pipfile-spec": 6,
        "requires": {
            "python_full_version": "3.10.6",
            "python_version": "3.10"
        },
        "sources": [
            {
                "name": "pypi",
                "url": "https://pypi.org/simple",
                "verify_ssl": true
            }
        ]
    },
    "default": {
        "pyqt5": {
            "hashes": [
                "sha256:08694f0a4c7d4f3d36b2311b1920e6283240ad3b7c09b515e08262e195dcdf37",
                "sha256:1a793748c60d5aff3850b7abf84d47c1d41edb11231b7d7c16bef602c36be643",
                "sha256:232fe5b135a095cbd024cf341d928fc672c963f88e6a52b0c605be8177c2fdb5",
                "sha256:755121a52b3a08cb07275c10ebb96576d36e320e572591db16cfdbc558101594",
                "sha256:e319c9d8639e0729235c1b09c99afdadad96fa3dbd8392ab561b5ab5946ee6ef"
            ],
            "index": "pypi",
            "version": "==5.15.7"
        },
        "pyqt5-qt5": {
            "hashes": [
                "sha256:1988f364ec8caf87a6ee5d5a3a5210d57539988bf8e84714c7d60972692e2f4a",
                "sha256:750b78e4dba6bdf1607febedc08738e318ea09e9b10aea9ff0d73073f11f6962",
                "sha256:76980cd3d7ae87e3c7a33bfebfaee84448fd650bad6840471d6cae199b56e154",
                "sha256:9cc7a768b1921f4b982ebc00a318ccb38578e44e45316c7a4a850e953e1dd327"
            ],
            "version": "==5.15.2"
        },
        "pyqt5-sip": {
            "hashes": [
                "sha256:0f77655c62ec91d47c2c99143f248624d44dd2d8a12d016e7c020508ad418aca",
                "sha256:205f3e1b3eea3597d8e878936c1a06e04bd23a59e8b179ee806465d72eea3071",
                "sha256:3126c84568ab341c12e46ded2230f62a9a78752a70fdab13713f89a71cd44f73",
                "sha256:4031547dfb679be309094bfa79254f5badc5ddbe66b9ad38e319d84a7d612443",
                "sha256:42320e7a94b1085ed85d49794ed4ccfe86f1cae80b44a894db908a8aba2bc60e",
                "sha256:43dfe6dd409e713edeb67019b85419a7a0dc9923bfc451d6cf3778471c122532",
                "sha256:4e5c1559311515291ea0ab0635529f14536954e3b973a7c7890ab7e4de1c2c23",
                "sha256:51e377789d59196213eddf458e6927f33ba9d217b614d17d20df16c9a8b2c41c",
                "sha256:686071be054e5be6ca5aaaef7960931d4ba917277e839e2e978c7cbe3f43bb6e",
                "sha256:9356260d4feb60dbac0ab66f8a791a0d2cda1bf98c9dec8e575904a045fbf7c5",
                "sha256:9bca450c5306890cb002fe36bbca18f979dd9e5b810b766dce8e3ce5e66ba795",
                "sha256:ad21ca0ee8cae2a41b61fc04949dccfab6fe008749627d94e8c7078cb7a73af1",
                "sha256:afa4ffffc54e306669bf2b66ea37abbc56c5cdda4f3f474d20324e3634302b12",
                "sha256:b4710fd85b57edef716cc55fae45bfd5bfac6fc7ba91036f1dcc3f331ca0eb39",
                "sha256:b69a1911f768b489846335e31e49eb34795c6b5a038ca24d894d751e3b0b44da",
                "sha256:bd733667098cac70e89279d9c239106d543fb480def62a44e6366ccb8f68510b",
                "sha256:d12b81c3a08abf7657a2ebc7d3649852a1f327eb2146ebadf45930486d32e920",
                "sha256:ec1d8ce50be76c5c1d1c86c6dc0ccacc2446172dde98b663a17871f532f9bd44",
                "sha256:ec5e9ef78852e1f96f86d7e15c9215878422b83dde36d44f1539a3062942f19c",
                "sha256:f1f9e312ff8284d6dfebc5366f6f7d103f84eec23a4da0be0482403933e68660",
                "sha256:f6b72035da4e8fecbb0bc4a972e30a5674a9ad5608dbddaa517e983782dbf3bf"
            ],
            "markers": "python_version >= '3.7'",
            "version": "==12.11.0"
        },
        "vdf": {
            "hashes": [
                "sha256:68c1a125cc49e343d535af2dd25074e9cb0908c6607f073947c4a04bbe234534",
                "sha256:fd5419f41e07a1009e5ffd027c7dcbe43d1f7e8ef453aeaa90d9d04b807de2af"
            ],
            "index": "pypi",
            "version": "==3.4"
        }
    },
    "develop": {
        "black": {
            "hashes": [
                "sha256:101c69b23df9b44247bd88e1d7e90154336ac4992502d4197bdac35dd7ee3320",
                "sha256:159a46a4947f73387b4d83e87ea006dbb2337eab6c879620a3ba52699b1f4351",
                "sha256:1f58cbe16dfe8c12b7434e50ff889fa479072096d79f0a7f25e4ab8e94cd8350",
                "sha256:229351e5a18ca30f447bf724d007f890f97e13af070bb6ad4c0a441cd7596a2f",
                "sha256:436cc9167dd28040ad90d3b404aec22cedf24a6e4d7de221bec2730ec0c97bcf",
                "sha256:559c7a1ba9a006226f09e4916060982fd27334ae1998e7a38b3f33a37f7a2148",
                "sha256:7412e75863aa5c5411886804678b7d083c7c28421210180d67dfd8cf1221e1f4",
                "sha256:77d86c9f3db9b1bf6761244bc0b3572a546f5fe37917a044e02f3166d5aafa7d",
                "sha256:82d9fe8fee3401e02e79767016b4907820a7dc28d70d137eb397b92ef3cc5bfc",
                "sha256:9eedd20838bd5d75b80c9f5487dbcb06836a43833a37846cf1d8c1cc01cef59d",
                "sha256:c116eed0efb9ff870ded8b62fe9f28dd61ef6e9ddd28d83d7d264a38417dcee2",
                "sha256:d30b212bffeb1e252b31dd269dfae69dd17e06d92b87ad26e23890f3efea366f"
            ],
            "index": "pypi",
            "version": "==22.12.0"
        },
        "click": {
            "hashes": [
                "sha256:7682dc8afb30297001674575ea00d1814d808d6a36af415a82bd481d37ba7b8e",
                "sha256:bb4d8133cb15a609f44e8213d9b391b0809795062913b383c62be0ee95b1db48"
            ],
            "markers": "python_version >= '3.7'",
            "version": "==8.1.3"
        },
        "colorama": {
            "hashes": [
                "sha256:08695f5cb7ed6e0531a20572697297273c47b8cae5a63ffc6d6ed5c201be6e44",
                "sha256:4f1d9991f5acc0ca119f9d443620b77f9d6b33703e51011c16baf57afb285fc6"
            ],
            "markers": "platform_system == 'Windows'",
            "version": "==0.4.6"
        },
        "mypy-extensions": {
            "hashes": [
                "sha256:090fedd75945a69ae91ce1303b5824f428daf5a028d2f6ab8a299250a846f15d",
                "sha256:2d82818f5bb3e369420cb3c4060a7970edba416647068eb4c5343488a6c604a8"
            ],
            "version": "==0.4.3"
        },
        "nuitka": {
            "hashes": [
                "sha256:e26db853d9b4e7216f7a45da209f0dad4fbe90be2dbb61e904d507bf8aa60f6a"
            ],
            "index": "pypi",
            "version": "==1.3.7"
        },
        "pathspec": {
            "hashes": [
                "sha256:3c95343af8b756205e2aba76e843ba9520a24dd84f68c22b9f93251507509dd6",
                "sha256:56200de4077d9d0791465aa9095a01d421861e405b5096955051deefd697d6f6"
            ],
            "markers": "python_version >= '3.7'",
            "version": "==0.10.3"
        },
        "platformdirs": {
            "hashes": [
                "sha256:83c8f6d04389165de7c9b6f0c682439697887bca0aa2f1c87ef1826be3584490",
                "sha256:e1fea1fe471b9ff8332e229df3cb7de4f53eeea4998d3b6bfff542115e998bd2"
            ],
            "markers": "python_version >= '3.7'",
            "version": "==2.6.2"
        },
        "tomli": {
            "hashes": [
                "sha256:939de3e7a6161af0c887ef91b7d41a53e7c5a1ca976325f429cb46ea9bc30ecc",
                "sha256:de526c12914f0c550d15924c62d72abc48d6fe7364aa87328337a31007fe8a4f"
            ],
            "markers": "python_full_version < '3.11.0a7'",
            "version": "==2.0.1"
        }
    }
}
